
Microsoft Visual Studio Solution File, Format Version 12.00
# Visual Studio Version 17
VisualStudioVersion = 17.0.31903.59
MinimumVisualStudioVersion = 10.0.40219.1
Project("{FAE04EC0-301F-11D3-BF4B-00C04F79EFBC}") = "PaffProject.Web", "PaffProject.Web\PaffProject.Web.csproj", "{FDE31153-28D7-42FB-89A9-7D04CB886CCC}"
EndProject
Project("{FAE04EC0-301F-11D3-BF4B-00C04F79EFBC}") = "PaffProject.Tests", "PaffProject.Tests\PaffProject.Tests.csproj", "{89F8381A-BFED-4566-B15C-1F03650E2C8D}"
EndProject
Global
	GlobalSection(SolutionConfigurationPlatforms) = preSolution
		Debug|Any CPU = Debug|Any CPU
		Release|Any CPU = Release|Any CPU
	EndGlobalSection
	GlobalSection(SolutionProperties) = preSolution
		HideSolutionNode = FALSE
	EndGlobalSection
	GlobalSection(ProjectConfigurationPlatforms) = postSolution
		{FDE31153-28D7-42FB-89A9-7D04CB886CCC}.Debug|Any CPU.ActiveCfg = Debug|Any CPU
		{FDE31153-28D7-42FB-89A9-7D04CB886CCC}.Debug|Any CPU.Build.0 = Debug|Any CPU
		{FDE31153-28D7-42FB-89A9-7D04CB886CCC}.Release|Any CPU.ActiveCfg = Release|Any CPU
		{FDE31153-28D7-42FB-89A9-7D04CB886CCC}.Release|Any CPU.Build.0 = Release|Any CPU
		{89F8381A-BFED-4566-B15C-1F03650E2C8D}.Debug|Any CPU.ActiveCfg = Debug|Any CPU
		{89F8381A-BFED-4566-B15C-1F03650E2C8D}.Debug|Any CPU.Build.0 = Debug|Any CPU
		{89F8381A-BFED-4566-B15C-1F03650E2C8D}.Release|Any CPU.ActiveCfg = Release|Any CPU
		{89F8381A-BFED-4566-B15C-1F03650E2C8D}.Release|Any CPU.Build.0 = Release|Any CPU
	EndGlobalSection
EndGlobal
